
Microsoft Visual Studio Solution File, Format Version 12.00
# Visual Studio Version 16
VisualStudioVersion = 16.0.31911.196
MinimumVisualStudioVersion = 10.0.40219.1
Project("{9A19103F-16F7-4668-BE54-9A1E7A4F7556}") = "PlatigeProject", "PlatigeProject\PlatigeProject.csproj", "{9491C10D-29FE-44D9-8554-0ABE424B9A21}"
EndProject
Project("{9A19103F-16F7-4668-BE54-9A1E7A4F7556}") = "DataModel", "DataModel\DataModel.csproj", "{E39B404A-7850-46C9-83EF-617BFF593163}"
EndProject
Project("{FAE04EC0-301F-11D3-BF4B-00C04F79EFBC}") = "Security", "Security\Security.csproj", "{61C6CFCA-9967-431C-B999-48525A69DF6E}"
EndProject
Global
	GlobalSection(SolutionConfigurationPlatforms) = preSolution
		Debug|Any CPU = Debug|Any CPU
		Release|Any CPU = Release|Any CPU
	EndGlobalSection
	GlobalSection(ProjectConfigurationPlatforms) = postSolution
		{9491C10D-29FE-44D9-8554-0ABE424B9A21}.Debug|Any CPU.ActiveCfg = Debug|Any CPU
		{9491C10D-29FE-44D9-8554-0ABE424B9A21}.Debug|Any CPU.Build.0 = Debug|Any CPU
		{9491C10D-29FE-44D9-8554-0ABE424B9A21}.Release|Any CPU.ActiveCfg = Release|Any CPU
		{9491C10D-29FE-44D9-8554-0ABE424B9A21}.Release|Any CPU.Build.0 = Release|Any CPU
		{E39B404A-7850-46C9-83EF-617BFF593163}.Debug|Any CPU.ActiveCfg = Debug|Any CPU
		{E39B404A-7850-46C9-83EF-617BFF593163}.Debug|Any CPU.Build.0 = Debug|Any CPU
		{E39B404A-7850-46C9-83EF-617BFF593163}.Release|Any CPU.ActiveCfg = Release|Any CPU
		{E39B404A-7850-46C9-83EF-617BFF593163}.Release|Any CPU.Build.0 = Release|Any CPU
		{61C6CFCA-9967-431C-B999-48525A69DF6E}.Debug|Any CPU.ActiveCfg = Debug|Any CPU
		{61C6CFCA-9967-431C-B999-48525A69DF6E}.Debug|Any CPU.Build.0 = Debug|Any CPU
		{61C6CFCA-9967-431C-B999-48525A69DF6E}.Release|Any CPU.ActiveCfg = Release|Any CPU
		{61C6CFCA-9967-431C-B999-48525A69DF6E}.Release|Any CPU.Build.0 = Release|Any CPU
	EndGlobalSection
	GlobalSection(SolutionProperties) = preSolution
		HideSolutionNode = FALSE
	EndGlobalSection
	GlobalSection(ExtensibilityGlobals) = postSolution
		SolutionGuid = {346C6B73-9D35-49F0-B191-D18437E06FAD}
	EndGlobalSection
EndGlobal
